# This file was autogenerated by Stack.
# You should not edit this file by hand.
# For more information, please see the documentation at:
#   https://docs.haskellstack.org/en/stable/lock_files

packages:
- completed:
    hackage: rio-0.1.12.0@sha256:a0b42682a455ffde6a4d894b135117e379aea7ed1810c2cfed471b8f5879968c,3633
    pantry-tree:
      size: 4745
      sha256: 340566441c9d1087f661fb51f95a080ffdf2da8fce6b4b8f86f158f4195894f5
  original:
    hackage: rio-0.1.12.0@sha256:a0b42682a455ffde6a4d894b135117e379aea7ed1810c2cfed471b8f5879968c,3633
- completed:
    hackage: unliftio-0.2.12@sha256:b089fbc2ff2628a963c2c4b12143f2020874e3e5144ffd6c62b25639a0ca1483,3325
    pantry-tree:
      size: 2229
      sha256: 4971b43f3d473eff868eb1a0c359729b49f1779e78c462ba45ef0d1eda677699
  original:
    hackage: unliftio-0.2.12@sha256:b089fbc2ff2628a963c2c4b12143f2020874e3e5144ffd6c62b25639a0ca1483,3325
- completed:
    hackage: typed-process-0.2.6.0@sha256:c901c13d491441830eb23132ad6968243a56b98161629d260a26c0b13c735fcd,2136
    pantry-tree:
      size: 529
      sha256: 2ef79f15f1f391e49dc522076f6d1584c7b305bf2aaa0dfec4dc0d4b61f31111
  original:
    hackage: typed-process-0.2.6.0@sha256:c901c13d491441830eb23132ad6968243a56b98161629d260a26c0b13c735fcd,2136
snapshots:
- completed:
    size: 498155
    url: https://raw.githubusercontent.com/commercialhaskell/stackage-snapshots/master/lts/13/19.yaml
    sha256: b9367a80d4393d02e58a46b8a9fdfbd7bc19f59c0c2bbf90034ba15cf52cf213
  original: lts-13.19
